
Microsoft Visual Studio Solution File, Format Version 12.00
# Visual Studio Version 16
VisualStudioVersion = 16.0.32602.291
MinimumVisualStudioVersion = 10.0.40219.1
Project("{FAE04EC0-301F-11D3-BF4B-00C04F79EFBC}") = "PrimeraAplicacion", "PrimeraAplicacion.csproj", "{6A3D8739-23B5-4470-989A-91FF1FF8E43F}"
EndProject
Global
	GlobalSection(SolutionConfigurationPlatforms) = preSolution
		Debug|Any CPU = Debug|Any CPU
		Release|Any CPU = Release|Any CPU
	EndGlobalSection
	GlobalSection(ProjectConfigurationPlatforms) = postSolution
		{6A3D8739-23B5-4470-989A-91FF1FF8E43F}.Debug|Any CPU.ActiveCfg = Debug|Any CPU
		{6A3D8739-23B5-4470-989A-91FF1FF8E43F}.Debug|Any CPU.Build.0 = Debug|Any CPU
		{6A3D8739-23B5-4470-989A-91FF1FF8E43F}.Release|Any CPU.ActiveCfg = Release|Any CPU
		{6A3D8739-23B5-4470-989A-91FF1FF8E43F}.Release|Any CPU.Build.0 = Release|Any CPU
	EndGlobalSection
	GlobalSection(SolutionProperties) = preSolution
		HideSolutionNode = FALSE
	EndGlobalSection
	GlobalSection(ExtensibilityGlobals) = postSolution
		SolutionGuid = {87248E3D-A7B1-4A16-B12B-06343862C914}
	EndGlobalSection
EndGlobal
